
Microsoft Visual Studio Solution File, Format Version 12.00
# Visual Studio Version 17
VisualStudioVersion = 17.2.32526.322
MinimumVisualStudioVersion = 10.0.40219.1
Project("{FAE04EC0-301F-11D3-BF4B-00C04F79EFBC}") = "SiteDownloader", "SiteDownloader.csproj", "{CE12DE8A-6F15-431B-ADE2-9FAF950AE156}"
EndProject
Global
	GlobalSection(SolutionConfigurationPlatforms) = preSolution
		Debug|Any CPU = Debug|Any CPU
		Release|Any CPU = Release|Any CPU
	EndGlobalSection
	GlobalSection(ProjectConfigurationPlatforms) = postSolution
		{CE12DE8A-6F15-431B-ADE2-9FAF950AE156}.Debug|Any CPU.ActiveCfg = Debug|Any CPU
		{CE12DE8A-6F15-431B-ADE2-9FAF950AE156}.Debug|Any CPU.Build.0 = Debug|Any CPU
		{CE12DE8A-6F15-431B-ADE2-9FAF950AE156}.Release|Any CPU.ActiveCfg = Release|Any CPU
		{CE12DE8A-6F15-431B-ADE2-9FAF950AE156}.Release|Any CPU.Build.0 = Release|Any CPU
	EndGlobalSection
	GlobalSection(SolutionProperties) = preSolution
		HideSolutionNode = FALSE
	EndGlobalSection
	GlobalSection(ExtensibilityGlobals) = postSolution
		SolutionGuid = {E68664BC-2336-4619-AFC9-7E00DCB6A9AC}
	EndGlobalSection
EndGlobal
